
Microsoft Visual Studio Solution File, Format Version 12.00
# Visual Studio Version 17
VisualStudioVersion = 17.0.32112.339
MinimumVisualStudioVersion = 10.0.40219.1
Project("{FAE04EC0-301F-11D3-BF4B-00C04F79EFBC}") = "BlazorSaleOrderApp.Server", "Server\BlazorSaleOrderApp.Server.csproj", "{59447328-BB8A-4F68-89A7-1A573792BF99}"
EndProject
Project("{FAE04EC0-301F-11D3-BF4B-00C04F79EFBC}") = "BlazorSaleOrderApp.Client", "Client\BlazorSaleOrderApp.Client.csproj", "{1AEADC20-5337-41D7-8BA4-FAAF1B9BC4B8}"
EndProject
Project("{FAE04EC0-301F-11D3-BF4B-00C04F79EFBC}") = "BlazorSaleOrderApp.Shared", "Shared\BlazorSaleOrderApp.Shared.csproj", "{A86BFF90-10E4-4B5D-B146-E6874C21D824}"
EndProject
Global
	GlobalSection(SolutionConfigurationPlatforms) = preSolution
		Debug|Any CPU = Debug|Any CPU
		Release|Any CPU = Release|Any CPU
	EndGlobalSection
	GlobalSection(ProjectConfigurationPlatforms) = postSolution
		{59447328-BB8A-4F68-89A7-1A573792BF99}.Debug|Any CPU.ActiveCfg = Debug|Any CPU
		{59447328-BB8A-4F68-89A7-1A573792BF99}.Debug|Any CPU.Build.0 = Debug|Any CPU
		{59447328-BB8A-4F68-89A7-1A573792BF99}.Release|Any CPU.ActiveCfg = Release|Any CPU
		{59447328-BB8A-4F68-89A7-1A573792BF99}.Release|Any CPU.Build.0 = Release|Any CPU
		{1AEADC20-5337-41D7-8BA4-FAAF1B9BC4B8}.Debug|Any CPU.ActiveCfg = Debug|Any CPU
		{1AEADC20-5337-41D7-8BA4-FAAF1B9BC4B8}.Debug|Any CPU.Build.0 = Debug|Any CPU
		{1AEADC20-5337-41D7-8BA4-FAAF1B9BC4B8}.Release|Any CPU.ActiveCfg = Release|Any CPU
		{1AEADC20-5337-41D7-8BA4-FAAF1B9BC4B8}.Release|Any CPU.Build.0 = Release|Any CPU
		{A86BFF90-10E4-4B5D-B146-E6874C21D824}.Debug|Any CPU.ActiveCfg = Debug|Any CPU
		{A86BFF90-10E4-4B5D-B146-E6874C21D824}.Debug|Any CPU.Build.0 = Debug|Any CPU
		{A86BFF90-10E4-4B5D-B146-E6874C21D824}.Release|Any CPU.ActiveCfg = Release|Any CPU
		{A86BFF90-10E4-4B5D-B146-E6874C21D824}.Release|Any CPU.Build.0 = Release|Any CPU
	EndGlobalSection
	GlobalSection(SolutionProperties) = preSolution
		HideSolutionNode = FALSE
	EndGlobalSection
	GlobalSection(ExtensibilityGlobals) = postSolution
		SolutionGuid = {B2FC4506-39A3-4C73-A83C-57AB5C74F46E}
	EndGlobalSection
EndGlobal
